Microsoft Visual Studio Solution File, Format Version 12.00
# Visual Studio Version 17
VisualStudioVersion = 17.5.2.0
MinimumVisualStudioVersion = 10.0.40219.1
Project("{FAE04EC0-301F-11D3-BF4B-00C04F79EFBC}") = "BinanceCopyTradingMonitor", "BinanceCopyTradingMonitor\BinanceCopyTradingMonitor.csproj", "{486D7D9E-8038-7138-8042-1E8612C97996}"
EndProject
Project("{FAE04EC0-301F-11D3-BF4B-00C04F79EFBC}") = "BinanceMonitorMaui", "BinanceMonitorMaui\BinanceMonitorMaui.csproj", "{8C0C1F5C-E91D-9F3C-1647-E48182DC65D7}"
EndProject
Global
	GlobalSection(SolutionConfigurationPlatforms) = preSolution
		Debug|Any CPU = Debug|Any CPU
		Release|Any CPU = Release|Any CPU
	EndGlobalSection
	GlobalSection(ProjectConfigurationPlatforms) = postSolution
		{486D7D9E-8038-7138-8042-1E8612C97996}.Debug|Any CPU.ActiveCfg = Debug|Any CPU
		{486D7D9E-8038-7138-8042-1E8612C97996}.Debug|Any CPU.Build.0 = Debug|Any CPU
		{486D7D9E-8038-7138-8042-1E8612C97996}.Release|Any CPU.ActiveCfg = Release|Any CPU
		{486D7D9E-8038-7138-8042-1E8612C97996}.Release|Any CPU.Build.0 = Release|Any CPU
		{8C0C1F5C-E91D-9F3C-1647-E48182DC65D7}.Debug|Any CPU.ActiveCfg = Debug|Any CPU
		{8C0C1F5C-E91D-9F3C-1647-E48182DC65D7}.Debug|Any CPU.Build.0 = Debug|Any CPU
		{8C0C1F5C-E91D-9F3C-1647-E48182DC65D7}.Release|Any CPU.ActiveCfg = Release|Any CPU
		{8C0C1F5C-E91D-9F3C-1647-E48182DC65D7}.Release|Any CPU.Build.0 = Release|Any CPU
	EndGlobalSection
	GlobalSection(SolutionProperties) = preSolution
		HideSolutionNode = FALSE
	EndGlobalSection
	GlobalSection(ExtensibilityGlobals) = postSolution
		SolutionGuid = {0B6FF0A5-D09F-4F0F-A81E-0A9DDD8758C2}
	EndGlobalSection
EndGlobal
